
Microsoft Visual Studio Solution File, Format Version 12.00
# Visual Studio Version 17
VisualStudioVersion = 17.14.36327.8
MinimumVisualStudioVersion = 10.0.40219.1
Project("{FAE04EC0-301F-11D3-BF4B-00C04F79EFBC}") = "MVFC.Connectors.BrasilApi", "src\MVFC.Connectors.BrasilApi\MVFC.Connectors.BrasilApi.csproj", "{2C6C3D83-E29E-76DB-DB98-7DF7BFF4DD77}"
EndProject
Project("{FAE04EC0-301F-11D3-BF4B-00C04F79EFBC}") = "MVFC.Connectors.Commons", "src\MVFC.Connectors.Commons\MVFC.Connectors.Commons.csproj", "{06D73B09-F421-4FED-7161-F83647E01581}"
EndProject
Project("{FAE04EC0-301F-11D3-BF4B-00C04F79EFBC}") = "MVFC.Connectors.Conversores", "src\MVFC.Connectors.Conversores\MVFC.Connectors.Conversores.csproj", "{1D8574D2-D5BA-6287-1FD8-7C616DD7AA94}"
EndProject
Project("{FAE04EC0-301F-11D3-BF4B-00C04F79EFBC}") = "MVFC.Connectors.Developer", "src\MVFC.Connectors.Developer\MVFC.Connectors.Developer.csproj", "{C47DF7A0-5B25-54A0-FF8F-2B14E53E32C2}"
EndProject
Project("{FAE04EC0-301F-11D3-BF4B-00C04F79EFBC}") = "MVFC.Connectors.Financas", "src\MVFC.Connectors.Financas\MVFC.Connectors.Financas.csproj", "{9316F567-3B09-2BEA-4FA3-1F69B6AA904A}"
EndProject
Project("{FAE04EC0-301F-11D3-BF4B-00C04F79EFBC}") = "MVFC.Connectors.Geo", "src\MVFC.Connectors.Geo\MVFC.Connectors.Geo.csproj", "{C6AE5804-DC11-439C-AF48-C80F0F5F6EFC}"
EndProject
Project("{FAE04EC0-301F-11D3-BF4B-00C04F79EFBC}") = "MVFC.Connectors.IA", "src\MVFC.Connectors.IA\MVFC.Connectors.IA.csproj", "{40454A7E-75E0-DD3F-2F40-329BE35B38E4}"
EndProject
Project("{FAE04EC0-301F-11D3-BF4B-00C04F79EFBC}") = "MVFC.Connectors.Justica", "src\MVFC.Connectors.Justica\MVFC.Connectors.Justica.csproj", "{3A844FF3-1ADF-9A84-DEDE-9811B20DF301}"
EndProject
Project("{2150E333-8FDC-42A3-9474-1A3956D46DE8}") = "src", "src", "{02EA681E-C7D8-13C7-8484-4AC65E1B71E8}"
EndProject
Project("{2150E333-8FDC-42A3-9474-1A3956D46DE8}") = "tests", "tests", "{E12AD9AD-6FFE-4DF3-A077-F88016ED3D0F}"
EndProject
Project("{FAE04EC0-301F-11D3-BF4B-00C04F79EFBC}") = "MVFC.Connectors.Tests", "tests\MVFC.Connectors.Tests\MVFC.Connectors.Tests.csproj", "{E2559C5F-AFB4-4A0A-A028-468178DA6921}"
EndProject
Global
	GlobalSection(SolutionConfigurationPlatforms) = preSolution
		Debug|Any CPU = Debug|Any CPU
		Release|Any CPU = Release|Any CPU
	EndGlobalSection
	GlobalSection(ProjectConfigurationPlatforms) = postSolution
		{2C6C3D83-E29E-76DB-DB98-7DF7BFF4DD77}.Debug|Any CPU.ActiveCfg = Debug|Any CPU
		{2C6C3D83-E29E-76DB-DB98-7DF7BFF4DD77}.Debug|Any CPU.Build.0 = Debug|Any CPU
		{2C6C3D83-E29E-76DB-DB98-7DF7BFF4DD77}.Release|Any CPU.ActiveCfg = Release|Any CPU
		{2C6C3D83-E29E-76DB-DB98-7DF7BFF4DD77}.Release|Any CPU.Build.0 = Release|Any CPU
		{06D73B09-F421-4FED-7161-F83647E01581}.Debug|Any CPU.ActiveCfg = Debug|Any CPU
		{06D73B09-F421-4FED-7161-F83647E01581}.Debug|Any CPU.Build.0 = Debug|Any CPU
		{06D73B09-F421-4FED-7161-F83647E01581}.Release|Any CPU.ActiveCfg = Release|Any CPU
		{06D73B09-F421-4FED-7161-F83647E01581}.Release|Any CPU.Build.0 = Release|Any CPU
		{1D8574D2-D5BA-6287-1FD8-7C616DD7AA94}.Debug|Any CPU.ActiveCfg = Debug|Any CPU
		{1D8574D2-D5BA-6287-1FD8-7C616DD7AA94}.Debug|Any CPU.Build.0 = Debug|Any CPU
		{1D8574D2-D5BA-6287-1FD8-7C616DD7AA94}.Release|Any CPU.ActiveCfg = Release|Any CPU
		{1D8574D2-D5BA-6287-1FD8-7C616DD7AA94}.Release|Any CPU.Build.0 = Release|Any CPU
		{C47DF7A0-5B25-54A0-FF8F-2B14E53E32C2}.Debug|Any CPU.ActiveCfg = Debug|Any CPU
		{C47DF7A0-5B25-54A0-FF8F-2B14E53E32C2}.Debug|Any CPU.Build.0 = Debug|Any CPU
		{C47DF7A0-5B25-54A0-FF8F-2B14E53E32C2}.Release|Any CPU.ActiveCfg = Release|Any CPU
		{C47DF7A0-5B25-54A0-FF8F-2B14E53E32C2}.Release|Any CPU.Build.0 = Release|Any CPU
		{9316F567-3B09-2BEA-4FA3-1F69B6AA904A}.Debug|Any CPU.ActiveCfg = Debug|Any CPU
		{9316F567-3B09-2BEA-4FA3-1F69B6AA904A}.Debug|Any CPU.Build.0 = Debug|Any CPU
		{9316F567-3B09-2BEA-4FA3-1F69B6AA904A}.Release|Any CPU.ActiveCfg = Release|Any CPU
		{9316F567-3B09-2BEA-4FA3-1F69B6AA904A}.Release|Any CPU.Build.0 = Release|Any CPU
		{C6AE5804-DC11-439C-AF48-C80F0F5F6EFC}.Debug|Any CPU.ActiveCfg = Debug|Any CPU
		{C6AE5804-DC11-439C-AF48-C80F0F5F6EFC}.Debug|Any CPU.Build.0 = Debug|Any CPU
		{C6AE5804-DC11-439C-AF48-C80F0F5F6EFC}.Release|Any CPU.ActiveCfg = Release|Any CPU
		{C6AE5804-DC11-439C-AF48-C80F0F5F6EFC}.Release|Any CPU.Build.0 = Release|Any CPU
		{40454A7E-75E0-DD3F-2F40-329BE35B38E4}.Debug|Any CPU.ActiveCfg = Debug|Any CPU
		{40454A7E-75E0-DD3F-2F40-329BE35B38E4}.Debug|Any CPU.Build.0 = Debug|Any CPU
		{40454A7E-75E0-DD3F-2F40-329BE35B38E4}.Release|Any CPU.ActiveCfg = Release|Any CPU
		{40454A7E-75E0-DD3F-2F40-329BE35B38E4}.Release|Any CPU.Build.0 = Release|Any CPU
		{3A844FF3-1ADF-9A84-DEDE-9811B20DF301}.Debug|Any CPU.ActiveCfg = Debug|Any CPU
		{3A844FF3-1ADF-9A84-DEDE-9811B20DF301}.Debug|Any CPU.Build.0 = Debug|Any CPU
		{3A844FF3-1ADF-9A84-DEDE-9811B20DF301}.Release|Any CPU.ActiveCfg = Release|Any CPU
		{3A844FF3-1ADF-9A84-DEDE-9811B20DF301}.Release|Any CPU.Build.0 = Release|Any CPU
		{E2559C5F-AFB4-4A0A-A028-468178DA6921}.Debug|Any CPU.ActiveCfg = Debug|Any CPU
		{E2559C5F-AFB4-4A0A-A028-468178DA6921}.Debug|Any CPU.Build.0 = Debug|Any CPU
		{E2559C5F-AFB4-4A0A-A028-468178DA6921}.Release|Any CPU.ActiveCfg = Release|Any CPU
		{E2559C5F-AFB4-4A0A-A028-468178DA6921}.Release|Any CPU.Build.0 = Release|Any CPU
	EndGlobalSection
	GlobalSection(SolutionProperties) = preSolution
		HideSolutionNode = FALSE
	EndGlobalSection
	GlobalSection(NestedProjects) = preSolution
		{2C6C3D83-E29E-76DB-DB98-7DF7BFF4DD77} = {02EA681E-C7D8-13C7-8484-4AC65E1B71E8}
		{06D73B09-F421-4FED-7161-F83647E01581} = {02EA681E-C7D8-13C7-8484-4AC65E1B71E8}
		{1D8574D2-D5BA-6287-1FD8-7C616DD7AA94} = {02EA681E-C7D8-13C7-8484-4AC65E1B71E8}
		{C47DF7A0-5B25-54A0-FF8F-2B14E53E32C2} = {02EA681E-C7D8-13C7-8484-4AC65E1B71E8}
		{9316F567-3B09-2BEA-4FA3-1F69B6AA904A} = {02EA681E-C7D8-13C7-8484-4AC65E1B71E8}
		{C6AE5804-DC11-439C-AF48-C80F0F5F6EFC} = {02EA681E-C7D8-13C7-8484-4AC65E1B71E8}
		{40454A7E-75E0-DD3F-2F40-329BE35B38E4} = {02EA681E-C7D8-13C7-8484-4AC65E1B71E8}
		{3A844FF3-1ADF-9A84-DEDE-9811B20DF301} = {02EA681E-C7D8-13C7-8484-4AC65E1B71E8}
		{E2559C5F-AFB4-4A0A-A028-468178DA6921} = {E12AD9AD-6FFE-4DF3-A077-F88016ED3D0F}
	EndGlobalSection
	GlobalSection(ExtensibilityGlobals) = postSolution
		SolutionGuid = {9E682B3B-C4DC-4346-8203-35ADF91FC756}
	EndGlobalSection
EndGlobal
